{
  "name": "sfama.members",
  "version": "2.0.0",
  "lockfileVersion": 1,
  "requires": true,
  "dependencies": {
    "autoprefixer": {
      "version": "6.7.7",
      "resolved": "https://registry.npmjs.org/autoprefixer/-/autoprefixer-6.7.7.tgz",
      "integrity": "sha1-Hb0cg1ZY41zj+ZhAmdsAWFx4IBQ=",
      "dev": true
    },
    "cssnano": {
      "version": "3.10.0",
      "resolved": "https://registry.npmjs.org/cssnano/-/cssnano-3.10.0.tgz",
      "integrity": "sha1-Tzj2zqK5sX+gFJDyPx3GjqZcHDg=",
      "dev": true
    },
    "grunt": {
      "version": "0.4.5",
      "resolved": "https://registry.npmjs.org/grunt/-/grunt-0.4.5.tgz",
      "integrity": "sha1-VpN81RlDJK3/bSB2MYMqnWuk5/A=",
      "dev": true,
      "dependencies": {
        "argparse": {
          "version": "0.1.16",
          "resolved": "https://registry.npmjs.org/argparse/-/argparse-0.1.16.tgz",
          "integrity": "sha1-z9AeD7uj1srtBJ+9dY1A9lGW9Xw=",
          "dependencies": {
            "underscore.string": {
              "version": "2.4.0",
              "resolved": "https://registry.npmjs.org/underscore.string/-/underscore.string-2.4.0.tgz",
              "integrity": "sha1-jN2PusTi0uoefi6Al8QvRCKA+Fs="
            }
          }
        },
        "colors": {
          "version": "0.6.2",
          "resolved": "https://registry.npmjs.org/colors/-/colors-0.6.2.tgz",
          "integrity": "sha1-JCP+ZnisDF2uiFLl0OW+CMmXq8w="
        },
        "esprima": {
          "version": "1.0.4",
          "resolved": "https://registry.npmjs.org/esprima/-/esprima-1.0.4.tgz",
          "integrity": "sha1-n1V+CPw7TSbs6d00+Pv0drYlha0="
        },
        "js-yaml": {
          "version": "2.0.5",
          "resolved": "https://registry.npmjs.org/js-yaml/-/js-yaml-2.0.5.tgz",
          "integrity": "sha1-olrmUJmZ6X3yeMZxnaEb0Gh3Q6g="
        }
      }
    },
    "grunt-browser-sync": {
      "version": "2.2.0",
      "resolved": "https://registry.npmjs.org/grunt-browser-sync/-/grunt-browser-sync-2.2.0.tgz",
      "integrity": "sha1-oOnB/RzLXEVMJexRcBE///BqR3I=",
      "dev": true
    },
    "grunt-contrib-less": {
      "version": "1.4.1",
      "resolved": "https://registry.npmjs.org/grunt-contrib-less/-/grunt-contrib-less-1.4.1.tgz",
      "integrity": "sha1-O73sC3XRLOqlXWKUNiXAsIYc328=",
      "dev": true,
      "dependencies": {
        "async": {
          "version": "2.5.0",
          "resolved": "https://registry.npmjs.org/async/-/async-2.5.0.tgz",
          "integrity": "sha512-e+lJAJeNWuPCNyxZKOBdaJGyLGHugXVQtrAwtuAe2vhxTYxFTKE73p8JuTmdH0qdQZtDvI4dhJwjZc5zsfIsYw=="
        },
        "lodash": {
          "version": "4.17.4",
          "resolved": "https://registry.npmjs.org/lodash/-/lodash-4.17.4.tgz",
          "integrity": "sha1-eCA6TRwyiuHYbcpkYONptX9AVa4="
        }
      }
    },
    "grunt-contrib-watch": {
      "version": "1.0.0",
      "resolved": "https://registry.npmjs.org/grunt-contrib-watch/-/grunt-contrib-watch-1.0.0.tgz",
      "integrity": "sha1-hKGnodar0m7VaEE0lscxM+mQAY8=",
      "dev": true,
      "dependencies": {
        "async": {
          "version": "1.5.2",
          "resolved": "https://registry.npmjs.org/async/-/async-1.5.2.tgz",
          "integrity": "sha1-7GphrlZIDAw8skHJVhjiCJL5Zyo="
        },
        "lodash": {
          "version": "3.10.1",
          "resolved": "https://registry.npmjs.org/lodash/-/lodash-3.10.1.tgz",
          "integrity": "sha1-W/Rejkm6QYnhfUgnid/RW9FAt7Y="
        }
      }
    },
    "grunt-postcss": {
      "version": "0.8.0",
      "resolved": "https://registry.npmjs.org/grunt-postcss/-/grunt-postcss-0.8.0.tgz",
      "integrity": "sha1-jzCor2B5A84MRfAfC+QsYOMc6w4=",
      "dev": true
    },
    "pixrem": {
      "version": "3.0.2",
      "resolved": "https://registry.npmjs.org/pixrem/-/pixrem-3.0.2.tgz",
      "integrity": "sha1-MNG6+0w73Ojpu0vVahOYVhkyDDQ=",
      "dev": true
    }
  }
}
